<?xml version="1.0" encoding="utf-8"?>
<Project ToolsVersion="4.0" xmlns="http://schemas.microsoft.com/developer/msbuild/2003">
  <ItemGroup>
    <Filter Include="소스 파일">
      <UniqueIdentifier>{4FC737F1-C7A5-4376-A066-2A32D752A2FF}</UniqueIdentifier>
      <Extensions>cpp;c;cc;cxx;c++;cppm;ixx;def;odl;idl;hpj;bat;asm;asmx</Extensions>
    </Filter>
    <Filter Include="헤더 파일">
      <UniqueIdentifier>{93995380-89BD-4b04-88EB-625FBE52EBFB}</UniqueIdentifier>
      <Extensions>h;hh;hpp;hxx;h++;hm;inl;inc;ipp;xsd</Extensions>
    </Filter>
    <Filter Include="리소스 파일">
      <UniqueIdentifier>{67DA6AB6-F800-4c08-8B7A-83BB121AAD01}</UniqueIdentifier>
      <Extensions>rc;ico;cur;bmp;dlg;rc2;rct;bin;rgs;gif;jpg;jpeg;jpe;resx;tiff;tif;png;wav;mfcribbon-ms</Extensions>
    </Filter>
  </ItemGroup>
  <ItemGroup>
    <ClCompile Include="Bird.cpp">
      <Filter>소스 파일</Filter>
    </ClCompile>
    <ClCompile Include="BirdList.cpp">
      <Filter>소스 파일</Filter>
    </ClCompile>
    <ClCompile Include="BirdNode.cpp">
      <Filter>소스 파일</Filter>
    </ClCompile>
    <ClCompile Include="GGD.cpp">
      <Filter>소스 파일</Filter>
    </ClCompile>
    <ClCompile Include="Goose.cpp">
      <Filter>소스 파일</Filter>
    </ClCompile>
    <ClCompile Include="main.cpp">
      <Filter>소스 파일</Filter>
    </ClCompile>
    <ClCompile Include="DetectiveGoose.cpp">
      <Filter>소스 파일</Filter>
    </ClCompile>
    <ClCompile Include="MorticianGoose.cpp">
      <Filter>소스 파일</Filter>
    </ClCompile>
    <ClCompile Include="Duck.cpp">
      <Filter>소스 파일</Filter>
    </ClCompile>
    <ClCompile Include="AssassinDuck.cpp">
      <Filter>소스 파일</Filter>
    </ClCompile>
    <ClCompile Include="Falcon.cpp">
      <Filter>소스 파일</Filter>
    </ClCompile>
    <ClCompile Include="DodoBird.cpp">
      <Filter>소스 파일</Filter>
    </ClCompile>
  </ItemGroup>
  <ItemGroup>
    <ClInclude Include="Bird.h">
      <Filter>헤더 파일</Filter>
    </ClInclude>
    <ClInclude Include="BirdList.h">
      <Filter>헤더 파일</Filter>
    </ClInclude>
    <ClInclude Include="BirdNode.h">
      <Filter>헤더 파일</Filter>
    </ClInclude>
    <ClInclude Include="GGD.h">
      <Filter>헤더 파일</Filter>
    </ClInclude>
    <ClInclude Include="Goose.h">
      <Filter>헤더 파일</Filter>
    </ClInclude>
    <ClInclude Include="Macro.h">
      <Filter>헤더 파일</Filter>
    </ClInclude>
    <ClInclude Include="DetectiveGoose.h">
      <Filter>헤더 파일</Filter>
    </ClInclude>
    <ClInclude Include="MorticianGoose.h">
      <Filter>헤더 파일</Filter>
    </ClInclude>
    <ClInclude Include="Duck.h">
      <Filter>헤더 파일</Filter>
    </ClInclude>
    <ClInclude Include="AssassinDuck.h">
      <Filter>헤더 파일</Filter>
    </ClInclude>
    <ClInclude Include="Falcon.h">
      <Filter>헤더 파일</Filter>
    </ClInclude>
    <ClInclude Include="DodoBird.h">
      <Filter>헤더 파일</Filter>
    </ClInclude>
  </ItemGroup>
</Project>